
Microsoft Visual Studio Solution File, Format Version 12.00
# Visual Studio 15
VisualStudioVersion = 15.0.27703.2035
MinimumVisualStudioVersion = 10.0.40219.1
Project("{8BC9CEB8-8B4A-11D0-8D11-00A0C91BC942}") = "stype_net_read", "stype_net_read.vcxproj", "{271606C4-298A-4131-B5AB-9A32E169604C}"
EndProject
Project("{8BC9CEB8-8B4A-11D0-8D11-00A0C91BC942}") = "stype_file_read", "stype_file_read.vcxproj", "{1EA8E674-A8DB-4457-A03A-DDA57B95D9BB}"
EndProject
Project("{8BC9CEB8-8B4A-11D0-8D11-00A0C91BC942}") = "stype_file_write", "stype_file_write.vcxproj", "{3F7A7C53-7EEC-456A-BF62-16E5005B6CC9}"
EndProject
Global
	GlobalSection(SolutionConfigurationPlatforms) = preSolution
		Debug|x64 = Debug|x64
		Release|x64 = Release|x64
	EndGlobalSection
	GlobalSection(ProjectConfigurationPlatforms) = postSolution
		{271606C4-298A-4131-B5AB-9A32E169604C}.Debug|x64.ActiveCfg = Debug|x64
		{271606C4-298A-4131-B5AB-9A32E169604C}.Debug|x64.Build.0 = Debug|x64
		{271606C4-298A-4131-B5AB-9A32E169604C}.Release|x64.ActiveCfg = Release|x64
		{271606C4-298A-4131-B5AB-9A32E169604C}.Release|x64.Build.0 = Release|x64
		{1EA8E674-A8DB-4457-A03A-DDA57B95D9BB}.Debug|x64.ActiveCfg = Debug|x64
		{1EA8E674-A8DB-4457-A03A-DDA57B95D9BB}.Debug|x64.Build.0 = Debug|x64
		{1EA8E674-A8DB-4457-A03A-DDA57B95D9BB}.Release|x64.ActiveCfg = Release|x64
		{1EA8E674-A8DB-4457-A03A-DDA57B95D9BB}.Release|x64.Build.0 = Release|x64
		{3F7A7C53-7EEC-456A-BF62-16E5005B6CC9}.Debug|x64.ActiveCfg = Debug|x64
		{3F7A7C53-7EEC-456A-BF62-16E5005B6CC9}.Debug|x64.Build.0 = Debug|x64
		{3F7A7C53-7EEC-456A-BF62-16E5005B6CC9}.Release|x64.ActiveCfg = Release|x64
		{3F7A7C53-7EEC-456A-BF62-16E5005B6CC9}.Release|x64.Build.0 = Release|x64
	EndGlobalSection
	GlobalSection(SolutionProperties) = preSolution
		HideSolutionNode = FALSE
	EndGlobalSection
	GlobalSection(ExtensibilityGlobals) = postSolution
		SolutionGuid = {C01A5079-0BD2-4912-86A7-746897E59626}
	EndGlobalSection
EndGlobal
